
Microsoft Visual Studio Solution File, Format Version 12.00
# Visual Studio 15
VisualStudioVersion = 15.0.27703.2042
MinimumVisualStudioVersion = 10.0.40219.1
Project("{FAE04EC0-301F-11D3-BF4B-00C04F79EFBC}") = "AcademicManagement.Domain", "AcademicManagement.Domain\AcademicManagement.Domain.csproj", "{50ADF7C2-A485-480F-9BF5-11768D224B4F}"
EndProject
Project("{FAE04EC0-301F-11D3-BF4B-00C04F79EFBC}") = "AcademicManagement.Persistence", "AcademicManagement.Persistence\AcademicManagement.Persistence.csproj", "{153388E3-3502-4DBA-9447-678F96D9A52E}"
EndProject
Project("{FAE04EC0-301F-11D3-BF4B-00C04F79EFBC}") = "AcademicManagement.Application", "AcademicManagement.Application\AcademicManagement.Application.csproj", "{016F2DAD-889E-4857-8995-22D08224C5E9}"
EndProject
Project("{FAE04EC0-301F-11D3-BF4B-00C04F79EFBC}") = "AcademicManagement.Host", "AcademicManagement.Host\AcademicManagement.Host.csproj", "{2B551475-5FC5-4532-BFAC-D1FEC76D0C21}"
EndProject
Project("{2150E333-8FDC-42A3-9474-1A3956D46DE8}") = "1-Host", "1-Host", "{25860A11-CC4F-47DC-B05C-0215754D5B60}"
EndProject
Project("{2150E333-8FDC-42A3-9474-1A3956D46DE8}") = "4-Infrastructure", "4-Infrastructure", "{30C67E04-E99C-4BC0-8771-EA5445B7241E}"
EndProject
Project("{2150E333-8FDC-42A3-9474-1A3956D46DE8}") = "2-BusinessLogic", "2-BusinessLogic", "{C5D4D987-3273-424A-864E-C3D1307640D7}"
EndProject
Project("{2150E333-8FDC-42A3-9474-1A3956D46DE8}") = "3-Domain", "3-Domain", "{779990E7-4FAA-4D09-9B3F-1ED515F5CF2F}"
EndProject
Project("{2150E333-8FDC-42A3-9474-1A3956D46DE8}") = "5-Test", "5-Test", "{143B65FC-7AB3-43AE-976F-74DAD8308E0B}"
EndProject
Project("{FAE04EC0-301F-11D3-BF4B-00C04F79EFBC}") = "AcademicManagementTest", "AcademicManagementTest\AcademicManagementTest.csproj", "{CCBB73CD-0E0D-4EEA-9DA0-D50FB9CADEA6}"
EndProject
Global
	GlobalSection(SolutionConfigurationPlatforms) = preSolution
		Debug|Any CPU = Debug|Any CPU
		Release|Any CPU = Release|Any CPU
	EndGlobalSection
	GlobalSection(ProjectConfigurationPlatforms) = postSolution
		{50ADF7C2-A485-480F-9BF5-11768D224B4F}.Debug|Any CPU.ActiveCfg = Debug|Any CPU
		{50ADF7C2-A485-480F-9BF5-11768D224B4F}.Debug|Any CPU.Build.0 = Debug|Any CPU
		{50ADF7C2-A485-480F-9BF5-11768D224B4F}.Release|Any CPU.ActiveCfg = Release|Any CPU
		{50ADF7C2-A485-480F-9BF5-11768D224B4F}.Release|Any CPU.Build.0 = Release|Any CPU
		{153388E3-3502-4DBA-9447-678F96D9A52E}.Debug|Any CPU.ActiveCfg = Debug|Any CPU
		{153388E3-3502-4DBA-9447-678F96D9A52E}.Debug|Any CPU.Build.0 = Debug|Any CPU
		{153388E3-3502-4DBA-9447-678F96D9A52E}.Release|Any CPU.ActiveCfg = Release|Any CPU
		{153388E3-3502-4DBA-9447-678F96D9A52E}.Release|Any CPU.Build.0 = Release|Any CPU
		{016F2DAD-889E-4857-8995-22D08224C5E9}.Debug|Any CPU.ActiveCfg = Debug|Any CPU
		{016F2DAD-889E-4857-8995-22D08224C5E9}.Debug|Any CPU.Build.0 = Debug|Any CPU
		{016F2DAD-889E-4857-8995-22D08224C5E9}.Release|Any CPU.ActiveCfg = Release|Any CPU
		{016F2DAD-889E-4857-8995-22D08224C5E9}.Release|Any CPU.Build.0 = Release|Any CPU
		{2B551475-5FC5-4532-BFAC-D1FEC76D0C21}.Debug|Any CPU.ActiveCfg = Debug|Any CPU
		{2B551475-5FC5-4532-BFAC-D1FEC76D0C21}.Debug|Any CPU.Build.0 = Debug|Any CPU
		{2B551475-5FC5-4532-BFAC-D1FEC76D0C21}.Release|Any CPU.ActiveCfg = Release|Any CPU
		{2B551475-5FC5-4532-BFAC-D1FEC76D0C21}.Release|Any CPU.Build.0 = Release|Any CPU
		{CCBB73CD-0E0D-4EEA-9DA0-D50FB9CADEA6}.Debug|Any CPU.ActiveCfg = Debug|Any CPU
		{CCBB73CD-0E0D-4EEA-9DA0-D50FB9CADEA6}.Debug|Any CPU.Build.0 = Debug|Any CPU
		{CCBB73CD-0E0D-4EEA-9DA0-D50FB9CADEA6}.Release|Any CPU.ActiveCfg = Release|Any CPU
		{CCBB73CD-0E0D-4EEA-9DA0-D50FB9CADEA6}.Release|Any CPU.Build.0 = Release|Any CPU
	EndGlobalSection
	GlobalSection(SolutionProperties) = preSolution
		HideSolutionNode = FALSE
	EndGlobalSection
	GlobalSection(NestedProjects) = preSolution
		{50ADF7C2-A485-480F-9BF5-11768D224B4F} = {779990E7-4FAA-4D09-9B3F-1ED515F5CF2F}
		{153388E3-3502-4DBA-9447-678F96D9A52E} = {30C67E04-E99C-4BC0-8771-EA5445B7241E}
		{016F2DAD-889E-4857-8995-22D08224C5E9} = {C5D4D987-3273-424A-864E-C3D1307640D7}
		{2B551475-5FC5-4532-BFAC-D1FEC76D0C21} = {25860A11-CC4F-47DC-B05C-0215754D5B60}
		{CCBB73CD-0E0D-4EEA-9DA0-D50FB9CADEA6} = {143B65FC-7AB3-43AE-976F-74DAD8308E0B}
	EndGlobalSection
	GlobalSection(ExtensibilityGlobals) = postSolution
		SolutionGuid = {D6D79CE8-CD0D-44EA-B8D6-769AF60849C9}
	EndGlobalSection
EndGlobal
